{
    "name": "dictionary-completion",
    "version": "1.2.0",
    "lockfileVersion": 1,
    "requires": true,
    "dependencies": {
        "@types/node": {
            "version": "14.14.41",
            "resolved": "https://registry.npmjs.org/@types/node/-/node-14.14.41.tgz",
            "integrity": "sha512-dueRKfaJL4RTtSa7bWeTK1M+VH+Gns73oCgzvYfHZywRCoPSd8EkXBL0mZ9unPTveBn+D9phZBaxuzpwjWkW0g==",
            "dev": true
        },
        "@types/vscode": {
            "version": "1.63.1",
            "resolved": "https://registry.npmjs.org/@types/vscode/-/vscode-1.63.1.tgz",
            "integrity": "sha512-Z+ZqjRcnGfHP86dvx/BtSwWyZPKQ/LBdmAVImY82TphyjOw2KgTKcp7Nx92oNwCTsHzlshwexAG/WiY2JuUm3g==",
            "dev": true
        },
        "typescript": {
            "version": "4.5.4",
            "resolved": "https://registry.npmjs.org/typescript/-/typescript-4.5.4.tgz",
            "integrity": "sha512-VgYs2A2QIRuGphtzFV7aQJduJ2gyfTljngLzjpfW9FoYZF6xuw1W0vW9ghCKLfcWrCFxK81CSGRAvS1pn4fIUg==",
            "dev": true
        }
    }
}
